
Microsoft Visual Studio Solution File, Format Version 12.00
# Visual Studio Version 16
VisualStudioVersion = 16.0.31205.134
MinimumVisualStudioVersion = 10.0.40219.1
Project("{FAE04EC0-301F-11D3-BF4B-00C04F79EFBC}") = "FrogRiverOne", "FrogRiverOne\FrogRiverOne.csproj", "{245E64DB-0E1A-4F6A-89F7-8E8CAB480F4E}"
EndProject
Global
	GlobalSection(SolutionConfigurationPlatforms) = preSolution
		Debug|Any CPU = Debug|Any CPU
		Release|Any CPU = Release|Any CPU
	EndGlobalSection
	GlobalSection(ProjectConfigurationPlatforms) = postSolution
		{245E64DB-0E1A-4F6A-89F7-8E8CAB480F4E}.Debug|Any CPU.ActiveCfg = Debug|Any CPU
		{245E64DB-0E1A-4F6A-89F7-8E8CAB480F4E}.Debug|Any CPU.Build.0 = Debug|Any CPU
		{245E64DB-0E1A-4F6A-89F7-8E8CAB480F4E}.Release|Any CPU.ActiveCfg = Release|Any CPU
		{245E64DB-0E1A-4F6A-89F7-8E8CAB480F4E}.Release|Any CPU.Build.0 = Release|Any CPU
	EndGlobalSection
	GlobalSection(SolutionProperties) = preSolution
		HideSolutionNode = FALSE
	EndGlobalSection
	GlobalSection(ExtensibilityGlobals) = postSolution
		SolutionGuid = {2B78AB10-BAF0-41D2-90CD-A6BFE5BB1F84}
	EndGlobalSection
EndGlobal
