
Microsoft Visual Studio Solution File, Format Version 12.00
# Visual Studio Version 16
VisualStudioVersion = 16.0.30611.23
MinimumVisualStudioVersion = 10.0.40219.1
Project("{FAE04EC0-301F-11D3-BF4B-00C04F79EFBC}") = "RepeatedString", "RepeatedString\RepeatedString.csproj", "{14CBAF14-B712-4E30-89C0-A6560A6EC981}"
EndProject
Global
	GlobalSection(SolutionConfigurationPlatforms) = preSolution
		Debug|Any CPU = Debug|Any CPU
		Release|Any CPU = Release|Any CPU
	EndGlobalSection
	GlobalSection(ProjectConfigurationPlatforms) = postSolution
		{14CBAF14-B712-4E30-89C0-A6560A6EC981}.Debug|Any CPU.ActiveCfg = Debug|Any CPU
		{14CBAF14-B712-4E30-89C0-A6560A6EC981}.Debug|Any CPU.Build.0 = Debug|Any CPU
		{14CBAF14-B712-4E30-89C0-A6560A6EC981}.Release|Any CPU.ActiveCfg = Release|Any CPU
		{14CBAF14-B712-4E30-89C0-A6560A6EC981}.Release|Any CPU.Build.0 = Release|Any CPU
	EndGlobalSection
	GlobalSection(SolutionProperties) = preSolution
		HideSolutionNode = FALSE
	EndGlobalSection
	GlobalSection(ExtensibilityGlobals) = postSolution
		SolutionGuid = {C40644F1-1EAB-41E5-88F2-8530E0645C29}
	EndGlobalSection
EndGlobal
