
Microsoft Visual Studio Solution File, Format Version 12.00
# Visual Studio Version 16
VisualStudioVersion = 16.0.31205.134
MinimumVisualStudioVersion = 10.0.40219.1
Project("{FAE04EC0-301F-11D3-BF4B-00C04F79EFBC}") = "CountTriplets", "CountTriplets\CountTriplets.csproj", "{83AAC63B-36E3-486A-B5B8-8AA4E7A3F95A}"
EndProject
Global
	GlobalSection(SolutionConfigurationPlatforms) = preSolution
		Debug|Any CPU = Debug|Any CPU
		Release|Any CPU = Release|Any CPU
	EndGlobalSection
	GlobalSection(ProjectConfigurationPlatforms) = postSolution
		{83AAC63B-36E3-486A-B5B8-8AA4E7A3F95A}.Debug|Any CPU.ActiveCfg = Debug|Any CPU
		{83AAC63B-36E3-486A-B5B8-8AA4E7A3F95A}.Debug|Any CPU.Build.0 = Debug|Any CPU
		{83AAC63B-36E3-486A-B5B8-8AA4E7A3F95A}.Release|Any CPU.ActiveCfg = Release|Any CPU
		{83AAC63B-36E3-486A-B5B8-8AA4E7A3F95A}.Release|Any CPU.Build.0 = Release|Any CPU
	EndGlobalSection
	GlobalSection(SolutionProperties) = preSolution
		HideSolutionNode = FALSE
	EndGlobalSection
	GlobalSection(ExtensibilityGlobals) = postSolution
		SolutionGuid = {AD62A368-70D4-4D2C-A559-1F882606EFDB}
	EndGlobalSection
EndGlobal
