
Microsoft Visual Studio Solution File, Format Version 12.00
# Visual Studio Version 16
VisualStudioVersion = 16.0.31205.134
MinimumVisualStudioVersion = 10.0.40219.1
Project("{FAE04EC0-301F-11D3-BF4B-00C04F79EFBC}") = "Test", "Test\Test.csproj", "{2EEE2B4B-B55D-4FD0-86B4-7F36FE529042}"
EndProject
Project("{FAE04EC0-301F-11D3-BF4B-00C04F79EFBC}") = "SelectionSort", "SelectionSort\SelectionSort.csproj", "{3E03D339-B356-4B7F-9A8F-9C7C8729F425}"
EndProject
Global
	GlobalSection(SolutionConfigurationPlatforms) = preSolution
		Debug|Any CPU = Debug|Any CPU
		Release|Any CPU = Release|Any CPU
	EndGlobalSection
	GlobalSection(ProjectConfigurationPlatforms) = postSolution
		{2EEE2B4B-B55D-4FD0-86B4-7F36FE529042}.Debug|Any CPU.ActiveCfg = Debug|Any CPU
		{2EEE2B4B-B55D-4FD0-86B4-7F36FE529042}.Debug|Any CPU.Build.0 = Debug|Any CPU
		{2EEE2B4B-B55D-4FD0-86B4-7F36FE529042}.Release|Any CPU.ActiveCfg = Release|Any CPU
		{2EEE2B4B-B55D-4FD0-86B4-7F36FE529042}.Release|Any CPU.Build.0 = Release|Any CPU
		{3E03D339-B356-4B7F-9A8F-9C7C8729F425}.Debug|Any CPU.ActiveCfg = Debug|Any CPU
		{3E03D339-B356-4B7F-9A8F-9C7C8729F425}.Debug|Any CPU.Build.0 = Debug|Any CPU
		{3E03D339-B356-4B7F-9A8F-9C7C8729F425}.Release|Any CPU.ActiveCfg = Release|Any CPU
		{3E03D339-B356-4B7F-9A8F-9C7C8729F425}.Release|Any CPU.Build.0 = Release|Any CPU
	EndGlobalSection
	GlobalSection(SolutionProperties) = preSolution
		HideSolutionNode = FALSE
	EndGlobalSection
	GlobalSection(ExtensibilityGlobals) = postSolution
		SolutionGuid = {664754FE-A9E3-40DC-892D-FFAC35DE997D}
	EndGlobalSection
EndGlobal
