
Microsoft Visual Studio Solution File, Format Version 12.00
# Visual Studio Version 16
VisualStudioVersion = 16.0.31205.134
MinimumVisualStudioVersion = 10.0.40219.1
Project("{FAE04EC0-301F-11D3-BF4B-00C04F79EFBC}") = "GetNodeValueLinkedList", "GetNodeValueLinkedList\GetNodeValueLinkedList.csproj", "{A37F1A6C-69EC-4F34-B603-DCD9249A4B39}"
EndProject
Global
	GlobalSection(SolutionConfigurationPlatforms) = preSolution
		Debug|Any CPU = Debug|Any CPU
		Release|Any CPU = Release|Any CPU
	EndGlobalSection
	GlobalSection(ProjectConfigurationPlatforms) = postSolution
		{A37F1A6C-69EC-4F34-B603-DCD9249A4B39}.Debug|Any CPU.ActiveCfg = Debug|Any CPU
		{A37F1A6C-69EC-4F34-B603-DCD9249A4B39}.Debug|Any CPU.Build.0 = Debug|Any CPU
		{A37F1A6C-69EC-4F34-B603-DCD9249A4B39}.Release|Any CPU.ActiveCfg = Release|Any CPU
		{A37F1A6C-69EC-4F34-B603-DCD9249A4B39}.Release|Any CPU.Build.0 = Release|Any CPU
	EndGlobalSection
	GlobalSection(SolutionProperties) = preSolution
		HideSolutionNode = FALSE
	EndGlobalSection
	GlobalSection(ExtensibilityGlobals) = postSolution
		SolutionGuid = {7386597D-2BAB-4208-93E7-DB6B068D8FCE}
	EndGlobalSection
EndGlobal
