
Microsoft Visual Studio Solution File, Format Version 12.00
# Visual Studio Version 16
VisualStudioVersion = 16.0.31205.134
MinimumVisualStudioVersion = 10.0.40219.1
Project("{FAE04EC0-301F-11D3-BF4B-00C04F79EFBC}") = "OddOccurrencesInArray", "OddOccurrencesInArray\OddOccurrencesInArray.csproj", "{5CD5D74A-C3ED-4096-A43A-96ED66069C3A}"
EndProject
Global
	GlobalSection(SolutionConfigurationPlatforms) = preSolution
		Debug|Any CPU = Debug|Any CPU
		Release|Any CPU = Release|Any CPU
	EndGlobalSection
	GlobalSection(ProjectConfigurationPlatforms) = postSolution
		{5CD5D74A-C3ED-4096-A43A-96ED66069C3A}.Debug|Any CPU.ActiveCfg = Debug|Any CPU
		{5CD5D74A-C3ED-4096-A43A-96ED66069C3A}.Debug|Any CPU.Build.0 = Debug|Any CPU
		{5CD5D74A-C3ED-4096-A43A-96ED66069C3A}.Release|Any CPU.ActiveCfg = Release|Any CPU
		{5CD5D74A-C3ED-4096-A43A-96ED66069C3A}.Release|Any CPU.Build.0 = Release|Any CPU
	EndGlobalSection
	GlobalSection(SolutionProperties) = preSolution
		HideSolutionNode = FALSE
	EndGlobalSection
	GlobalSection(ExtensibilityGlobals) = postSolution
		SolutionGuid = {B64A9F80-C893-4C59-B434-4D51F6044527}
	EndGlobalSection
EndGlobal
