
Microsoft Visual Studio Solution File, Format Version 12.00
# Visual Studio Version 16
VisualStudioVersion = 16.0.31205.134
MinimumVisualStudioVersion = 10.0.40219.1
Project("{FAE04EC0-301F-11D3-BF4B-00C04F79EFBC}") = "MergeSort", "MergeSort\MergeSort.csproj", "{0E0109E5-9D97-446C-BF78-7261327CA694}"
EndProject
Global
	GlobalSection(SolutionConfigurationPlatforms) = preSolution
		Debug|Any CPU = Debug|Any CPU
		Release|Any CPU = Release|Any CPU
	EndGlobalSection
	GlobalSection(ProjectConfigurationPlatforms) = postSolution
		{0E0109E5-9D97-446C-BF78-7261327CA694}.Debug|Any CPU.ActiveCfg = Debug|Any CPU
		{0E0109E5-9D97-446C-BF78-7261327CA694}.Debug|Any CPU.Build.0 = Debug|Any CPU
		{0E0109E5-9D97-446C-BF78-7261327CA694}.Release|Any CPU.ActiveCfg = Release|Any CPU
		{0E0109E5-9D97-446C-BF78-7261327CA694}.Release|Any CPU.Build.0 = Release|Any CPU
	EndGlobalSection
	GlobalSection(SolutionProperties) = preSolution
		HideSolutionNode = FALSE
	EndGlobalSection
	GlobalSection(ExtensibilityGlobals) = postSolution
		SolutionGuid = {6AE362A6-D665-4F3F-AD43-41096D3A0811}
	EndGlobalSection
EndGlobal
