
Microsoft Visual Studio Solution File, Format Version 12.00
# Visual Studio Version 16
VisualStudioVersion = 16.0.31205.134
MinimumVisualStudioVersion = 10.0.40219.1
Project("{FAE04EC0-301F-11D3-BF4B-00C04F79EFBC}") = "CyclicRotation", "CyclicRotation\CyclicRotation.csproj", "{00451375-9125-4411-B9E4-53EAAC397393}"
EndProject
Global
	GlobalSection(SolutionConfigurationPlatforms) = preSolution
		Debug|Any CPU = Debug|Any CPU
		Release|Any CPU = Release|Any CPU
	EndGlobalSection
	GlobalSection(ProjectConfigurationPlatforms) = postSolution
		{00451375-9125-4411-B9E4-53EAAC397393}.Debug|Any CPU.ActiveCfg = Debug|Any CPU
		{00451375-9125-4411-B9E4-53EAAC397393}.Debug|Any CPU.Build.0 = Debug|Any CPU
		{00451375-9125-4411-B9E4-53EAAC397393}.Release|Any CPU.ActiveCfg = Release|Any CPU
		{00451375-9125-4411-B9E4-53EAAC397393}.Release|Any CPU.Build.0 = Release|Any CPU
	EndGlobalSection
	GlobalSection(SolutionProperties) = preSolution
		HideSolutionNode = FALSE
	EndGlobalSection
	GlobalSection(ExtensibilityGlobals) = postSolution
		SolutionGuid = {3C42695E-EB8E-4A44-BBE5-E176ECC5DE88}
	EndGlobalSection
EndGlobal
