
Microsoft Visual Studio Solution File, Format Version 12.00
# Visual Studio Version 16
VisualStudioVersion = 16.0.31205.134
MinimumVisualStudioVersion = 10.0.40219.1
Project("{FAE04EC0-301F-11D3-BF4B-00C04F79EFBC}") = "MissingInteger", "MissingInteger\MissingInteger.csproj", "{9DE0B472-6377-4790-92A6-6D3B851A9542}"
EndProject
Global
	GlobalSection(SolutionConfigurationPlatforms) = preSolution
		Debug|Any CPU = Debug|Any CPU
		Release|Any CPU = Release|Any CPU
	EndGlobalSection
	GlobalSection(ProjectConfigurationPlatforms) = postSolution
		{9DE0B472-6377-4790-92A6-6D3B851A9542}.Debug|Any CPU.ActiveCfg = Debug|Any CPU
		{9DE0B472-6377-4790-92A6-6D3B851A9542}.Debug|Any CPU.Build.0 = Debug|Any CPU
		{9DE0B472-6377-4790-92A6-6D3B851A9542}.Release|Any CPU.ActiveCfg = Release|Any CPU
		{9DE0B472-6377-4790-92A6-6D3B851A9542}.Release|Any CPU.Build.0 = Release|Any CPU
	EndGlobalSection
	GlobalSection(SolutionProperties) = preSolution
		HideSolutionNode = FALSE
	EndGlobalSection
	GlobalSection(ExtensibilityGlobals) = postSolution
		SolutionGuid = {DB205E77-DCA2-4C73-BF0B-EC840F920902}
	EndGlobalSection
EndGlobal
