
Microsoft Visual Studio Solution File, Format Version 12.00
# Visual Studio Version 16
VisualStudioVersion = 16.0.31205.134
MinimumVisualStudioVersion = 10.0.40219.1
Project("{FAE04EC0-301F-11D3-BF4B-00C04F79EFBC}") = "DeleteDuplicateLinkedList", "DeleteDuplicateLinkedList\DeleteDuplicateLinkedList.csproj", "{7B8312B9-B42A-4CA6-8AF6-4439881EBEE5}"
EndProject
Global
	GlobalSection(SolutionConfigurationPlatforms) = preSolution
		Debug|Any CPU = Debug|Any CPU
		Release|Any CPU = Release|Any CPU
	EndGlobalSection
	GlobalSection(ProjectConfigurationPlatforms) = postSolution
		{7B8312B9-B42A-4CA6-8AF6-4439881EBEE5}.Debug|Any CPU.ActiveCfg = Debug|Any CPU
		{7B8312B9-B42A-4CA6-8AF6-4439881EBEE5}.Debug|Any CPU.Build.0 = Debug|Any CPU
		{7B8312B9-B42A-4CA6-8AF6-4439881EBEE5}.Release|Any CPU.ActiveCfg = Release|Any CPU
		{7B8312B9-B42A-4CA6-8AF6-4439881EBEE5}.Release|Any CPU.Build.0 = Release|Any CPU
	EndGlobalSection
	GlobalSection(SolutionProperties) = preSolution
		HideSolutionNode = FALSE
	EndGlobalSection
	GlobalSection(ExtensibilityGlobals) = postSolution
		SolutionGuid = {98D81CA8-EDF3-49B9-A246-FA5BBB64D2D6}
	EndGlobalSection
EndGlobal
